// !$*UTF8*$!
{
	archiveVersion = 1;
	classes = {
	};
	objectVersion = 50;
	objects = {

/* Begin PBXBuildFile section */
		33423BAB245F82DA0047E7EA /* FreeResponseView.swift in Sources */ = {isa = PBXBuildFile; fileRef = 33423BAA245F82DA0047E7EA /* FreeResponseView.swift */; };
		3357B8A4245F318500D8E4DB /* ChooseQuizView.swift in Sources */ = {isa = PBXBuildFile; fileRef = 3357B8A3245F318500D8E4DB /* ChooseQuizView.swift */; };
		3360BF332460D0CA009FE075 /* Results.swift in Sources */ = {isa = PBXBuildFile; fileRef = 3360BF322460D0CA009FE075 /* Results.swift */; };
		3360BF352460D0F9009FE075 /* Questions.swift in Sources */ = {isa = PBXBuildFile; fileRef = 3360BF342460D0F9009FE075 /* Questions.swift */; };
		33798993245FB14300B36FD3 /* ResultsView.swift in Sources */ = {isa = PBXBuildFile; fileRef = 33798992245FB14300B36FD3 /* ResultsView.swift */; };
		33ED0BA42457BEA400D4E490 /* AppDelegate.swift in Sources */ = {isa = PBXBuildFile; fileRef = 33ED0BA32457BEA400D4E490 /* AppDelegate.swift */; };
		33ED0BA62457BEA400D4E490 /* SceneDelegate.swift in Sources */ = {isa = PBXBuildFile; fileRef = 33ED0BA52457BEA400D4E490 /* SceneDelegate.swift */; };
		33ED0BA82457BEA400D4E490 /* ViewController.swift in Sources */ = {isa = PBXBuildFile; fileRef = 33ED0BA72457BEA400D4E490 /* ViewController.swift */; };
		33ED0BAB2457BEA400D4E490 /* Main.storyboard in Resources */ = {isa = PBXBuildFile; fileRef = 33ED0BA92457BEA400D4E490 /* Main.storyboard */; };
		33ED0BAD2457BEA600D4E490 /* Assets.xcassets in Resources */ = {isa = PBXBuildFile; fileRef = 33ED0BAC2457BEA600D4E490 /* Assets.xcassets */; };
		33ED0BB02457BEA600D4E490 /* LaunchScreen.storyboard in Resources */ = {isa = PBXBuildFile; fileRef = 33ED0BAE2457BEA600D4E490 /* LaunchScreen.storyboard */; };
		33ED0BD92457DA2300D4E490 /* MultipleChoiceView.swift in Sources */ = {isa = PBXBuildFile; fileRef = 33ED0BD82457DA2300D4E490 /* MultipleChoiceView.swift */; };
/* End PBXBuildFile section */

/* Begin PBXContainerItemProxy section */
		33ED0BB72457BEA700D4E490 /* PBXContainerItemProxy */ = {
			isa = PBXContainerItemProxy;
			containerPortal = 33ED0B982457BEA400D4E490 /* Project object */;
			proxyType = 1;
			remoteGlobalIDString = 33ED0B9F2457BEA400D4E490;
			remoteInfo = MathApp;
		};
		33ED0BC22457BEA700D4E490 /* PBXContainerItemProxy */ = {
			isa = PBXContainerItemProxy;
			containerPortal = 33ED0B982457BEA400D4E490 /* Project object */;
			proxyType = 1;
			remoteGlobalIDString = 33ED0B9F2457BEA400D4E490;
			remoteInfo = MathApp;
		};
/* End PBXContainerItemProxy section */

/* Begin PBXFileReference section */
		33423BAA245F82DA0047E7EA /* FreeResponseView.swift */ = {isa = PBXFileReference; lastKnownFileType = sourcecode.swift; path = FreeResponseView.swift; sourceTree = "<group>"; };
		3357B8A3245F318500D8E4DB /* ChooseQuizView.swift */ = {isa = PBXFileReference; lastKnownFileType = sourcecode.swift; path = ChooseQuizView.swift; sourceTree = "<group>"; };
		3360BF322460D0CA009FE075 /* Results.swift */ = {isa = PBXFileReference; lastKnownFileType = sourcecode.swift; path = Results.swift; sourceTree = "<group>"; };
		3360BF342460D0F9009FE075 /* Questions.swift */ = {isa = PBXFileReference; lastKnownFileType = sourcecode.swift; path = Questions.swift; sourceTree = "<group>"; };
		33798992245FB14300B36FD3 /* ResultsView.swift */ = {isa = PBXFileReference; lastKnownFileType = sourcecode.swift; path = ResultsView.swift; sourceTree = "<group>"; };
		33ED0BA02457BEA400D4E490 /* MathApp.app */ = {isa = PBXFileReference; explicitFileType = wrapper.application; includeInIndex = 0; path = MathApp.app; sourceTree = BUILT_PRODUCTS_DIR; };
		33ED0BA32457BEA400D4E490 /* AppDelegate.swift */ = {isa = PBXFileReference; lastKnownFileType = sourcecode.swift; path = AppDelegate.swift; sourceTree = "<group>"; };
		33ED0BA52457BEA400D4E490 /* SceneDelegate.swift */ = {isa = PBXFileReference; lastKnownFileType = sourcecode.swift; path = SceneDelegate.swift; sourceTree = "<group>"; };
		33ED0BA72457BEA400D4E490 /* ViewController.swift */ = {isa = PBXFileReference; lastKnownFileType = sourcecode.swift; path = ViewController.swift; sourceTree = "<group>"; };
		33ED0BAA2457BEA400D4E490 /* Base */ = {isa = PBXFileReference; lastKnownFileType = file.storyboard; name = Base; path = Base.lproj/Main.storyboard; sourceTree = "<group>"; };
		33ED0BAC2457BEA600D4E490 /* Assets.xcassets */ = {isa = PBXFileReference; lastKnownFileType = folder.assetcatalog; path = Assets.xcassets; sourceTree = "<group>"; };
		33ED0BAF2457BEA600D4E490 /* Base */ = {isa = PBXFileReference; lastKnownFileType = file.storyboard; name = Base; path = Base.lproj/LaunchScreen.storyboard; sourceTree = "<group>"; };
		33ED0BB12457BEA600D4E490 /* Info.plist */ = {isa = PBXFileReference; lastKnownFileType = text.plist.xml; path = Info.plist; sourceTree = "<group>"; };
		33ED0BB62457BEA700D4E490 /* MathAppTests.xctest */ = {isa = PBXFileReference; explicitFileType = wrapper.cfbundle; includeInIndex = 0; path = MathAppTests.xctest; sourceTree = BUILT_PRODUCTS_DIR; };
		33ED0BC12457BEA700D4E490 /* MathAppUITests.xctest */ = {isa = PBXFileReference; explicitFileType = wrapper.cfbundle; includeInIndex = 0; path = MathAppUITests.xctest; sourceTree = BUILT_PRODUCTS_DIR; };
		33ED0BD82457DA2300D4E490 /* MultipleChoiceView.swift */ = {isa = PBXFileReference; lastKnownFileType = sourcecode.swift; path = MultipleChoiceView.swift; sourceTree = "<group>"; };
/* End PBXFileReference section */

/* Begin PBXFrameworksBuildPhase section */
		33ED0B9D2457BEA400D4E490 /* Frameworks */ = {
			isa = PBXFrameworksBuildPhase;
			buildActionMask = 2147483647;
			files = (
			);
			runOnlyForDeploymentPostprocessing = 0;
		};
		33ED0BB32457BEA700D4E490 /* Frameworks */ = {
			isa = PBXFrameworksBuildPhase;
			buildActionMask = 2147483647;
			files = (
			);
			runOnlyForDeploymentPostprocessing = 0;
		};
		33ED0BBE2457BEA700D4E490 /* Frameworks */ = {
			isa = PBXFrameworksBuildPhase;
			buildActionMask = 2147483647;
			files = (
			);
			runOnlyForDeploymentPostprocessing = 0;
		};
/* End PBXFrameworksBuildPhase section */

/* Begin PBXGroup section */
		3357B89A245EB7B700D8E4DB /* View Controllers */ = {
			isa = PBXGroup;
			children = (
				3357B8A3245F318500D8E4DB /* ChooseQuizView.swift */,
				33ED0BD82457DA2300D4E490 /* MultipleChoiceView.swift */,
				33423BAA245F82DA0047E7EA /* FreeResponseView.swift */,
				33798992245FB14300B36FD3 /* ResultsView.swift */,
			);
			path = "View Controllers";
			sourceTree = "<group>";
		};
		3360BF312460D093009FE075 /* Structures */ = {
			isa = PBXGroup;
			children = (
				3360BF322460D0CA009FE075 /* Results.swift */,
				3360BF342460D0F9009FE075 /* Questions.swift */,
			);
			path = Structures;
			sourceTree = "<group>";
		};
		33ED0B972457BEA400D4E490 = {
			isa = PBXGroup;
			children = (
				33ED0BA22457BEA400D4E490 /* MathApp */,
				33ED0BA12457BEA400D4E490 /* Products */,
			);
			sourceTree = "<group>";
		};
		33ED0BA12457BEA400D4E490 /* Products */ = {
			isa = PBXGroup;
			children = (
				33ED0BA02457BEA400D4E490 /* MathApp.app */,
				33ED0BB62457BEA700D4E490 /* MathAppTests.xctest */,
				33ED0BC12457BEA700D4E490 /* MathAppUITests.xctest */,
			);
			name = Products;
			sourceTree = "<group>";
		};
		33ED0BA22457BEA400D4E490 /* MathApp */ = {
			isa = PBXGroup;
			children = (
				33ED0BA32457BEA400D4E490 /* AppDelegate.swift */,
				33ED0BA52457BEA400D4E490 /* SceneDelegate.swift */,
				33ED0BA72457BEA400D4E490 /* ViewController.swift */,
				3360BF312460D093009FE075 /* Structures */,
				3357B89A245EB7B700D8E4DB /* View Controllers */,
				33ED0BA92457BEA400D4E490 /* Main.storyboard */,
				33ED0BAC2457BEA600D4E490 /* Assets.xcassets */,
				33ED0BAE2457BEA600D4E490 /* LaunchScreen.storyboard */,
				33ED0BB12457BEA600D4E490 /* Info.plist */,
			);
			path = MathApp;
			sourceTree = "<group>";
		};
/* End PBXGroup section */

/* Begin PBXNativeTarget section */
		33ED0B9F2457BEA400D4E490 /* MathApp */ = {
			isa = PBXNativeTarget;
			buildConfigurationList = 33ED0BCA2457BEA700D4E490 /* Build configuration list for PBXNativeTarget "MathApp" */;
			buildPhases = (
				33ED0B9C2457BEA400D4E490 /* Sources */,
				33ED0B9D2457BEA400D4E490 /* Frameworks */,
				33ED0B9E2457BEA400D4E490 /* Resources */,
			);
			buildRules = (
			);
			dependencies = (
			);
			name = MathApp;
			productName = MathApp;
			productReference = 33ED0BA02457BEA400D4E490 /* MathApp.app */;
			productType = "com.apple.product-type.application";
		};
		33ED0BB52457BEA700D4E490 /* MathAppTests */ = {
			isa = PBXNativeTarget;
			buildConfigurationList = 33ED0BCD2457BEA700D4E490 /* Build configuration list for PBXNativeTarget "MathAppTests" */;
			buildPhases = (
				33ED0BB22457BEA700D4E490 /* Sources */,
				33ED0BB32457BEA700D4E490 /* Frameworks */,
				33ED0BB42457BEA700D4E490 /* Resources */,
			);
			buildRules = (
			);
			dependencies = (
				33ED0BB82457BEA700D4E490 /* PBXTargetDependency */,
			);
			name = MathAppTests;
			productName = MathAppTests;
			productReference = 33ED0BB62457BEA700D4E490 /* MathAppTests.xctest */;
			productType = "com.apple.product-type.bundle.unit-test";
		};
		33ED0BC02457BEA700D4E490 /* MathAppUITests */ = {
			isa = PBXNativeTarget;
			buildConfigurationList = 33ED0BD02457BEA700D4E490 /* Build configuration list for PBXNativeTarget "MathAppUITests" */;
			buildPhases = (
				33ED0BBD2457BEA700D4E490 /* Sources */,
				33ED0BBE2457BEA700D4E490 /* Frameworks */,
				33ED0BBF2457BEA700D4E490 /* Resources */,
			);
			buildRules = (
			);
			dependencies = (
				33ED0BC32457BEA700D4E490 /* PBXTargetDependency */,
			);
			name = MathAppUITests;
			productName = MathAppUITests;
			productReference = 33ED0BC12457BEA700D4E490 /* MathAppUITests.xctest */;
			productType = "com.apple.product-type.bundle.ui-testing";
		};
/* End PBXNativeTarget section */

/* Begin PBXProject section */
		33ED0B982457BEA400D4E490 /* Project object */ = {
			isa = PBXProject;
			attributes = {
				LastSwiftUpdateCheck = 1130;
				LastUpgradeCheck = 1130;
				ORGANIZATIONNAME = "Brian Rangel";
				TargetAttributes = {
					33ED0B9F2457BEA400D4E490 = {
						CreatedOnToolsVersion = 11.3.1;
					};
					33ED0BB52457BEA700D4E490 = {
						CreatedOnToolsVersion = 11.3.1;
						TestTargetID = 33ED0B9F2457BEA400D4E490;
					};
					33ED0BC02457BEA700D4E490 = {
						CreatedOnToolsVersion = 11.3.1;
						TestTargetID = 33ED0B9F2457BEA400D4E490;
					};
				};
			};
			buildConfigurationList = 33ED0B9B2457BEA400D4E490 /* Build configuration list for PBXProject "MathApp" */;
			compatibilityVersion = "Xcode 9.3";
			developmentRegion = en;
			hasScannedForEncodings = 0;
			knownRegions = (
				en,
				Base,
			);
			mainGroup = 33ED0B972457BEA400D4E490;
			productRefGroup = 33ED0BA12457BEA400D4E490 /* Products */;
			projectDirPath = "";
			projectRoot = "";
			targets = (
				33ED0B9F2457BEA400D4E490 /* MathApp */,
				33ED0BB52457BEA700D4E490 /* MathAppTests */,
				33ED0BC02457BEA700D4E490 /* MathAppUITests */,
			);
		};
/* End PBXProject section */

/* Begin PBXResourcesBuildPhase section */
		33ED0B9E2457BEA400D4E490 /* Resources */ = {
			isa = PBXResourcesBuildPhase;
			buildActionMask = 2147483647;
			files = (
				33ED0BB02457BEA600D4E490 /* LaunchScreen.storyboard in Resources */,
				33ED0BAD2457BEA600D4E490 /* Assets.xcassets in Resources */,
				33ED0BAB2457BEA400D4E490 /* Main.storyboard in Resources */,
			);
			runOnlyForDeploymentPostprocessing = 0;
		};
		33ED0BB42457BEA700D4E490 /* Resources */ = {
			isa = PBXResourcesBuildPhase;
			buildActionMask = 2147483647;
			files = (
			);
			runOnlyForDeploymentPostprocessing = 0;
		};
		33ED0BBF2457BEA700D4E490 /* Resources */ = {
			isa = PBXResourcesBuildPhase;
			buildActionMask = 2147483647;
			files = (
			);
			runOnlyForDeploymentPostprocessing = 0;
		};
/* End PBXResourcesBuildPhase section */

/* Begin PBXSourcesBuildPhase section */
		33ED0B9C2457BEA400D4E490 /* Sources */ = {
			isa = PBXSourcesBuildPhase;
			buildActionMask = 2147483647;
			files = (
				3360BF352460D0F9009FE075 /* Questions.swift in Sources */,
				33798993245FB14300B36FD3 /* ResultsView.swift in Sources */,
				33423BAB245F82DA0047E7EA /* FreeResponseView.swift in Sources */,
				3360BF332460D0CA009FE075 /* Results.swift in Sources */,
				33ED0BA82457BEA400D4E490 /* ViewController.swift in Sources */,
				33ED0BA42457BEA400D4E490 /* AppDelegate.swift in Sources */,
				33ED0BD92457DA2300D4E490 /* MultipleChoiceView.swift in Sources */,
				3357B8A4245F318500D8E4DB /* ChooseQuizView.swift in Sources */,
				33ED0BA62457BEA400D4E490 /* SceneDelegate.swift in Sources */,
			);
			runOnlyForDeploymentPostprocessing = 0;
		};
		33ED0BB22457BEA700D4E490 /* Sources */ = {
			isa = PBXSourcesBuildPhase;
			buildActionMask = 2147483647;
			files = (
			);
			runOnlyForDeploymentPostprocessing = 0;
		};
		33ED0BBD2457BEA700D4E490 /* Sources */ = {
			isa = PBXSourcesBuildPhase;
			buildActionMask = 2147483647;
			files = (
			);
			runOnlyForDeploymentPostprocessing = 0;
		};
/* End PBXSourcesBuildPhase section */

/* Begin PBXTargetDependency section */
		33ED0BB82457BEA700D4E490 /* PBXTargetDependency */ = {
			isa = PBXTargetDependency;
			target = 33ED0B9F2457BEA400D4E490 /* MathApp */;
			targetProxy = 33ED0BB72457BEA700D4E490 /* PBXContainerItemProxy */;
		};
		33ED0BC32457BEA700D4E490 /* PBXTargetDependency */ = {
			isa = PBXTargetDependency;
			target = 33ED0B9F2457BEA400D4E490 /* MathApp */;
			targetProxy = 33ED0BC22457BEA700D4E490 /* PBXContainerItemProxy */;
		};
/* End PBXTargetDependency section */

/* Begin PBXVariantGroup section */
		33ED0BA92457BEA400D4E490 /* Main.storyboard */ = {
			isa = PBXVariantGroup;
			children = (
				33ED0BAA2457BEA400D4E490 /* Base */,
			);
			name = Main.storyboard;
			sourceTree = "<group>";
		};
		33ED0BAE2457BEA600D4E490 /* LaunchScreen.storyboard */ = {
			isa = PBXVariantGroup;
			children = (
				33ED0BAF2457BEA600D4E490 /* Base */,
			);
			name = LaunchScreen.storyboard;
			sourceTree = "<group>";
		};
/* End PBXVariantGroup section */

/* Begin XCBuildConfiguration section */
		33ED0BC82457BEA700D4E490 /* Debug */ = {
			isa = XCBuildConfiguration;
			buildSettings = {
				ALWAYS_SEARCH_USER_PATHS = NO;
				CLANG_ANALYZER_NONNULL = YES;
				CLANG_ANALYZER_NUMBER_OBJECT_CONVERSION = YES_AGGRESSIVE;
				CLANG_CXX_LANGUAGE_STANDARD = "gnu++14";
				CLANG_CXX_LIBRARY = "libc++";
				CLANG_ENABLE_MODULES = YES;
				CLANG_ENABLE_OBJC_ARC = YES;
				CLANG_ENABLE_OBJC_WEAK = YES;
				CLANG_WARN_BLOCK_CAPTURE_AUTORELEASING = YES;
				CLANG_WARN_BOOL_CONVERSION = YES;
				CLANG_WARN_COMMA = YES;
				CLANG_WARN_CONSTANT_CONVERSION = YES;
				CLANG_WARN_DEPRECATED_OBJC_IMPLEMENTATIONS = YES;
				CLANG_WARN_DIRECT_OBJC_ISA_USAGE = YES_ERROR;
				CLANG_WARN_DOCUMENTATION_COMMENTS = YES;
				CLANG_WARN_EMPTY_BODY = YES;
				CLANG_WARN_ENUM_CONVERSION = YES;
				CLANG_WARN_INFINITE_RECURSION = YES;
				CLANG_WARN_INT_CONVERSION = YES;
				CLANG_WARN_NON_LITERAL_NULL_CONVERSION = YES;
				CLANG_WARN_OBJC_IMPLICIT_RETAIN_SELF = YES;
				CLANG_WARN_OBJC_LITERAL_CONVERSION = YES;
				CLANG_WARN_OBJC_ROOT_CLASS = YES_ERROR;
				CLANG_WARN_RANGE_LOOP_ANALYSIS = YES;
				CLANG_WARN_STRICT_PROTOTYPES = YES;
				CLANG_WARN_SUSPICIOUS_MOVE = YES;
				CLANG_WARN_UNGUARDED_AVAILABILITY = YES_AGGRESSIVE;
				CLANG_WARN_UNREACHABLE_CODE = YES;
				CLANG_WARN__DUPLICATE_METHOD_MATCH = YES;
				COPY_PHASE_STRIP = NO;
				DEBUG_INFORMATION_FORMAT = dwarf;
				ENABLE_STRICT_OBJC_MSGSEND = YES;
				ENABLE_TESTABILITY = YES;
				GCC_C_LANGUAGE_STANDARD = gnu11;
				GCC_DYNAMIC_NO_PIC = NO;
				GCC_NO_COMMON_BLOCKS = YES;
				GCC_OPTIMIZATION_LEVEL = 0;
				GCC_PREPROCESSOR_DEFINITIONS = (
					"DEBUG=1",
					"$(inherited)",
				);
				GCC_WARN_64_TO_32_BIT_CONVERSION = YES;
				GCC_WARN_ABOUT_RETURN_TYPE = YES_ERROR;
				GCC_WARN_UNDECLARED_SELECTOR = YES;
				GCC_WARN_UNINITIALIZED_AUTOS = YES_AGGRESSIVE;
				GCC_WARN_UNUSED_FUNCTION = YES;
				GCC_WARN_UNUSED_VARIABLE = YES;
				IPHONEOS_DEPLOYMENT_TARGET = 13.2;
				MTL_ENABLE_DEBUG_INFO = INCLUDE_SOURCE;
				MTL_FAST_MATH = YES;
				ONLY_ACTIVE_ARCH = YES;
				SDKROOT = iphoneos;
				SWIFT_ACTIVE_COMPILATION_CONDITIONS = DEBUG;
				SWIFT_OPTIMIZATION_LEVEL = "-Onone";
			};
			name = Debug;
		};
		33ED0BC92457BEA700D4E490 /* Release */ = {
			isa = XCBuildConfiguration;
			buildSettings = {
				ALWAYS_SEARCH_USER_PATHS = NO;
				CLANG_ANALYZER_NONNULL = YES;
				CLANG_ANALYZER_NUMBER_OBJECT_CONVERSION = YES_AGGRESSIVE;
				CLANG_CXX_LANGUAGE_STANDARD = "gnu++14";
				CLANG_CXX_LIBRARY = "libc++";
				CLANG_ENABLE_MODULES = YES;
				CLANG_ENABLE_OBJC_ARC = YES;
				CLANG_ENABLE_OBJC_WEAK = YES;
				CLANG_WARN_BLOCK_CAPTURE_AUTORELEASING = YES;
				CLANG_WARN_BOOL_CONVERSION = YES;
				CLANG_WARN_COMMA = YES;
				CLANG_WARN_CONSTANT_CONVERSION = YES;
				CLANG_WARN_DEPRECATED_OBJC_IMPLEMENTATIONS = YES;
				CLANG_WARN_DIRECT_OBJC_ISA_USAGE = YES_ERROR;
				CLANG_WARN_DOCUMENTATION_COMMENTS = YES;
				CLANG_WARN_EMPTY_BODY = YES;
				CLANG_WARN_ENUM_CONVERSION = YES;
				CLANG_WARN_INFINITE_RECURSION = YES;
				CLANG_WARN_INT_CONVERSION = YES;
				CLANG_WARN_NON_LITERAL_NULL_CONVERSION = YES;
				CLANG_WARN_OBJC_IMPLICIT_RETAIN_SELF = YES;
				CLANG_WARN_OBJC_LITERAL_CONVERSION = YES;
				CLANG_WARN_OBJC_ROOT_CLASS = YES_ERROR;
				CLANG_WARN_RANGE_LOOP_ANALYSIS = YES;
				CLANG_WARN_STRICT_PROTOTYPES = YES;
				CLANG_WARN_SUSPICIOUS_MOVE = YES;
				CLANG_WARN_UNGUARDED_AVAILABILITY = YES_AGGRESSIVE;
				CLANG_WARN_UNREACHABLE_CODE = YES;
				CLANG_WARN__DUPLICATE_METHOD_MATCH = YES;
				COPY_PHASE_STRIP = NO;
				DEBUG_INFORMATION_FORMAT = "dwarf-with-dsym";
				ENABLE_NS_ASSERTIONS = NO;
				ENABLE_STRICT_OBJC_MSGSEND = YES;
				GCC_C_LANGUAGE_STANDARD = gnu11;
				GCC_NO_COMMON_BLOCKS = YES;
				GCC_WARN_64_TO_32_BIT_CONVERSION = YES;
				GCC_WARN_ABOUT_RETURN_TYPE = YES_ERROR;
				GCC_WARN_UNDECLARED_SELECTOR = YES;
				GCC_WARN_UNINITIALIZED_AUTOS = YES_AGGRESSIVE;
				GCC_WARN_UNUSED_FUNCTION = YES;
				GCC_WARN_UNUSED_VARIABLE = YES;
				IPHONEOS_DEPLOYMENT_TARGET = 13.2;
				MTL_ENABLE_DEBUG_INFO = NO;
				MTL_FAST_MATH = YES;
				SDKROOT = iphoneos;
				SWIFT_COMPILATION_MODE = wholemodule;
				SWIFT_OPTIMIZATION_LEVEL = "-O";
				VALIDATE_PRODUCT = YES;
			};
			name = Release;
		};
		33ED0BCB2457BEA700D4E490 /* Debug */ = {
			isa = XCBuildConfiguration;
			buildSettings = {
				ASSETCATALOG_COMPILER_APPICON_NAME = AppIcon;
				CODE_SIGN_STYLE = Automatic;
				INFOPLIST_FILE = MathApp/Info.plist;
				LD_RUNPATH_SEARCH_PATHS = (
					"$(inherited)",
					"@executable_path/Frameworks",
				);
				PRODUCT_BUNDLE_IDENTIFIER = brianrangel.MathApp;
				PRODUCT_NAME = "$(TARGET_NAME)";
				SWIFT_VERSION = 5.0;
				TARGETED_DEVICE_FAMILY = "1,2";
			};
			name = Debug;
		};
		33ED0BCC2457BEA700D4E490 /* Release */ = {
			isa = XCBuildConfiguration;
			buildSettings = {
				ASSETCATALOG_COMPILER_APPICON_NAME = AppIcon;
				CODE_SIGN_STYLE = Automatic;
				INFOPLIST_FILE = MathApp/Info.plist;
				LD_RUNPATH_SEARCH_PATHS = (
					"$(inherited)",
					"@executable_path/Frameworks",
				);
				PRODUCT_BUNDLE_IDENTIFIER = brianrangel.MathApp;
				PRODUCT_NAME = "$(TARGET_NAME)";
				SWIFT_VERSION = 5.0;
				TARGETED_DEVICE_FAMILY = "1,2";
			};
			name = Release;
		};
		33ED0BCE2457BEA700D4E490 /* Debug */ = {
			isa = XCBuildConfiguration;
			buildSettings = {
				ALWAYS_EMBED_SWIFT_STANDARD_LIBRARIES = YES;
				BUNDLE_LOADER = "$(TEST_HOST)";
				CODE_SIGN_STYLE = Automatic;
				INFOPLIST_FILE = MathAppTests/Info.plist;
				IPHONEOS_DEPLOYMENT_TARGET = 13.2;
				LD_RUNPATH_SEARCH_PATHS = (
					"$(inherited)",
					"@executable_path/Frameworks",
					"@loader_path/Frameworks",
				);
				PRODUCT_BUNDLE_IDENTIFIER = brianrangel.MathAppTests;
				PRODUCT_NAME = "$(TARGET_NAME)";
				SWIFT_VERSION = 5.0;
				TARGETED_DEVICE_FAMILY = "1,2";
				TEST_HOST = "$(BUILT_PRODUCTS_DIR)/MathApp.app/MathApp";
			};
			name = Debug;
		};
		33ED0BCF2457BEA700D4E490 /* Release */ = {
			isa = XCBuildConfiguration;
			buildSettings = {
				ALWAYS_EMBED_SWIFT_STANDARD_LIBRARIES = YES;
				BUNDLE_LOADER = "$(TEST_HOST)";
				CODE_SIGN_STYLE = Automatic;
				INFOPLIST_FILE = MathAppTests/Info.plist;
				IPHONEOS_DEPLOYMENT_TARGET = 13.2;
				LD_RUNPATH_SEARCH_PATHS = (
					"$(inherited)",
					"@executable_path/Frameworks",
					"@loader_path/Frameworks",
				);
				PRODUCT_BUNDLE_IDENTIFIER = brianrangel.MathAppTests;
				PRODUCT_NAME = "$(TARGET_NAME)";
				SWIFT_VERSION = 5.0;
				TARGETED_DEVICE_FAMILY = "1,2";
				TEST_HOST = "$(BUILT_PRODUCTS_DIR)/MathApp.app/MathApp";
			};
			name = Release;
		};
		33ED0BD12457BEA700D4E490 /* Debug */ = {
			isa = XCBuildConfiguration;
			buildSettings = {
				ALWAYS_EMBED_SWIFT_STANDARD_LIBRARIES = YES;
				CODE_SIGN_STYLE = Automatic;
				INFOPLIST_FILE = MathAppUITests/Info.plist;
				LD_RUNPATH_SEARCH_PATHS = (
					"$(inherited)",
					"@executable_path/Frameworks",
					"@loader_path/Frameworks",
				);
				PRODUCT_BUNDLE_IDENTIFIER = brianrangel.MathAppUITests;
				PRODUCT_NAME = "$(TARGET_NAME)";
				SWIFT_VERSION = 5.0;
				TARGETED_DEVICE_FAMILY = "1,2";
				TEST_TARGET_NAME = MathApp;
			};
			name = Debug;
		};
		33ED0BD22457BEA700D4E490 /* Release */ = {
			isa = XCBuildConfiguration;
			buildSettings = {
				ALWAYS_EMBED_SWIFT_STANDARD_LIBRARIES = YES;
				CODE_SIGN_STYLE = Automatic;
				INFOPLIST_FILE = MathAppUITests/Info.plist;
				LD_RUNPATH_SEARCH_PATHS = (
					"$(inherited)",
					"@executable_path/Frameworks",
					"@loader_path/Frameworks",
				);
				PRODUCT_BUNDLE_IDENTIFIER = brianrangel.MathAppUITests;
				PRODUCT_NAME = "$(TARGET_NAME)";
				SWIFT_VERSION = 5.0;
				TARGETED_DEVICE_FAMILY = "1,2";
				TEST_TARGET_NAME = MathApp;
			};
			name = Release;
		};
/* End XCBuildConfiguration section */

/* Begin XCConfigurationList section */
		33ED0B9B2457BEA400D4E490 /* Build configuration list for PBXProject "MathApp" */ = {
			isa = XCConfigurationList;
			buildConfigurations = (
				33ED0BC82457BEA700D4E490 /* Debug */,
				33ED0BC92457BEA700D4E490 /* Release */,
			);
			defaultConfigurationIsVisible = 0;
			defaultConfigurationName = Release;
		};
		33ED0BCA2457BEA700D4E490 /* Build configuration list for PBXNativeTarget "MathApp" */ = {
			isa = XCConfigurationList;
			buildConfigurations = (
				33ED0BCB2457BEA700D4E490 /* Debug */,
				33ED0BCC2457BEA700D4E490 /* Release */,
			);
			defaultConfigurationIsVisible = 0;
			defaultConfigurationName = Release;
		};
		33ED0BCD2457BEA700D4E490 /* Build configuration list for PBXNativeTarget "MathAppTests" */ = {
			isa = XCConfigurationList;
			buildConfigurations = (
				33ED0BCE2457BEA700D4E490 /* Debug */,
				33ED0BCF2457BEA700D4E490 /* Release */,
			);
			defaultConfigurationIsVisible = 0;
			defaultConfigurationName = Release;
		};
		33ED0BD02457BEA700D4E490 /* Build configuration list for PBXNativeTarget "MathAppUITests" */ = {
			isa = XCConfigurationList;
			buildConfigurations = (
				33ED0BD12457BEA700D4E490 /* Debug */,
				33ED0BD22457BEA700D4E490 /* Release */,
			);
			defaultConfigurationIsVisible = 0;
			defaultConfigurationName = Release;
		};
/* End XCConfigurationList section */
	};
	rootObject = 33ED0B982457BEA400D4E490 /* Project object */;
}
